[{<<"brod">>,
  {git,"git://github.com/klarna/brod",
       {ref,"a9ff8d1f2d9c6b136b7e493e9f68ca299a4d8ddf"}},
  0},
 {<<"goldrush">>,
  {git,"git://github.com/DeadZen/goldrush.git",
       {ref,"212299233c7e7eb63a97be2777e1c05ebaa58dbe"}},
  1},
 {<<"kafka_protocol">>,
  {git,"https://github.com/klarna/kafka_protocol.git",
       {ref,"91d0eccb5ed5700eda6b620abb0073b5b10d9f60"}},
  1},
 {<<"lager">>,
  {git,"git://github.com/basho/lager",
       {ref,"b2cb2735713e3021e0761623ff595d53a545438e"}},
  0},
 {<<"supervisor3">>,
  {git,"https://github.com/klarna/supervisor3.git",
       {ref,"9f7205ffeddcec11349ede11a6123100fb75e65d"}},
  1},
 {<<"sync">>,
  {git,"git://github.com/rustyio/sync",
       {ref,"11df81d196eaab2d84caa3fbe8def5d476ef79d8"}},
  0}].
